// !$*UTF8*$!
{
	archiveVersion = 1;
	classes = {
	};
	objectVersion = 56;
	objects = {

/* Begin PBXBuildFile section */
		7AD8E3052C39ADF000607D21 /* FlickrItemApp.swift in Sources */ = {isa = PBXBuildFile; fileRef = 7AD8E3042C39ADF000607D21 /* FlickrItemApp.swift */; };
		7AD8E3072C39ADF000607D21 /* ContentView.swift in Sources */ = {isa = PBXBuildFile; fileRef = 7AD8E3062C39ADF000607D21 /* ContentView.swift */; };
		7AD8E3092C39ADF200607D21 /* Assets.xcassets in Resources */ = {isa = PBXBuildFile; fileRef = 7AD8E3082C39ADF200607D21 /* Assets.xcassets */; };
		7AD8E30C2C39ADF200607D21 /* Preview Assets.xcassets in Resources */ = {isa = PBXBuildFile; fileRef = 7AD8E30B2C39ADF200607D21 /* Preview Assets.xcassets */; };
		7AD8E3162C39ADF200607D21 /* FlickrItemTests.swift in Sources */ = {isa = PBXBuildFile; fileRef = 7AD8E3152C39ADF200607D21 /* FlickrItemTests.swift */; };
		7AD8E3202C39ADF200607D21 /* FlickrItemUITests.swift in Sources */ = {isa = PBXBuildFile; fileRef = 7AD8E31F2C39ADF200607D21 /* FlickrItemUITests.swift */; };
		7AD8E3222C39ADF200607D21 /* FlickrItemUITestsLaunchTests.swift in Sources */ = {isa = PBXBuildFile; fileRef = 7AD8E3212C39ADF200607D21 /* FlickrItemUITestsLaunchTests.swift */; };
		7AD8E32F2C39AE0500607D21 /* FlickrItem.swift in Sources */ = {isa = PBXBuildFile; fileRef = 7AD8E32E2C39AE0500607D21 /* FlickrItem.swift */; };
		7AD8E3332C39BF4100607D21 /* DownloadManager.swift in Sources */ = {isa = PBXBuildFile; fileRef = 7AD8E3322C39BF4100607D21 /* DownloadManager.swift */; };
		7AD8E3352C39EB4F00607D21 /* DetailView.swift in Sources */ = {isa = PBXBuildFile; fileRef = 7AD8E3342C39EB4F00607D21 /* DetailView.swift */; };
/* End PBXBuildFile section */

/* Begin PBXContainerItemProxy section */
		7AD8E3122C39ADF200607D21 /* PBXContainerItemProxy */ = {
			isa = PBXContainerItemProxy;
			containerPortal = 7AD8E2F92C39ADF000607D21 /* Project object */;
			proxyType = 1;
			remoteGlobalIDString = 7AD8E3002C39ADF000607D21;
			remoteInfo = FlickrItem;
		};
		7AD8E31C2C39ADF200607D21 /* PBXContainerItemProxy */ = {
			isa = PBXContainerItemProxy;
			containerPortal = 7AD8E2F92C39ADF000607D21 /* Project object */;
			proxyType = 1;
			remoteGlobalIDString = 7AD8E3002C39ADF000607D21;
			remoteInfo = FlickrItem;
		};
/* End PBXContainerItemProxy section */

/* Begin PBXFileReference section */
		7AD8E3012C39ADF000607D21 /* FlickrItem.app */ = {isa = PBXFileReference; explicitFileType = wrapper.application; includeInIndex = 0; path = FlickrItem.app; sourceTree = BUILT_PRODUCTS_DIR; };
		7AD8E3042C39ADF000607D21 /* FlickrItemApp.swift */ = {isa = PBXFileReference; lastKnownFileType = sourcecode.swift; path = FlickrItemApp.swift; sourceTree = "<group>"; };
		7AD8E3062C39ADF000607D21 /* ContentView.swift */ = {isa = PBXFileReference; lastKnownFileType = sourcecode.swift; path = ContentView.swift; sourceTree = "<group>"; };
		7AD8E3082C39ADF200607D21 /* Assets.xcassets */ = {isa = PBXFileReference; lastKnownFileType = folder.assetcatalog; path = Assets.xcassets; sourceTree = "<group>"; };
		7AD8E30B2C39ADF200607D21 /* Preview Assets.xcassets */ = {isa = PBXFileReference; lastKnownFileType = folder.assetcatalog; path = "Preview Assets.xcassets"; sourceTree = "<group>"; };
		7AD8E3112C39ADF200607D21 /* FlickrItemTests.xctest */ = {isa = PBXFileReference; explicitFileType = wrapper.cfbundle; includeInIndex = 0; path = FlickrItemTests.xctest; sourceTree = BUILT_PRODUCTS_DIR; };
		7AD8E3152C39ADF200607D21 /* FlickrItemTests.swift */ = {isa = PBXFileReference; lastKnownFileType = sourcecode.swift; path = FlickrItemTests.swift; sourceTree = "<group>"; };
		7AD8E31B2C39ADF200607D21 /* FlickrItemUITests.xctest */ = {isa = PBXFileReference; explicitFileType = wrapper.cfbundle; includeInIndex = 0; path = FlickrItemUITests.xctest; sourceTree = BUILT_PRODUCTS_DIR; };
		7AD8E31F2C39ADF200607D21 /* FlickrItemUITests.swift */ = {isa = PBXFileReference; lastKnownFileType = sourcecode.swift; path = FlickrItemUITests.swift; sourceTree = "<group>"; };
		7AD8E3212C39ADF200607D21 /* FlickrItemUITestsLaunchTests.swift */ = {isa = PBXFileReference; lastKnownFileType = sourcecode.swift; path = FlickrItemUITestsLaunchTests.swift; sourceTree = "<group>"; };
		7AD8E32E2C39AE0500607D21 /* FlickrItem.swift */ = {isa = PBXFileReference; lastKnownFileType = sourcecode.swift; path = FlickrItem.swift; sourceTree = "<group>"; };
		7AD8E3322C39BF4100607D21 /* DownloadManager.swift */ = {isa = PBXFileReference; lastKnownFileType = sourcecode.swift; path = DownloadManager.swift; sourceTree = "<group>"; };
		7AD8E3342C39EB4F00607D21 /* DetailView.swift */ = {isa = PBXFileReference; lastKnownFileType = sourcecode.swift; path = DetailView.swift; sourceTree = "<group>"; };
/* End PBXFileReference section */

/* Begin PBXFrameworksBuildPhase section */
		7AD8E2FE2C39ADF000607D21 /* Frameworks */ = {
			isa = PBXFrameworksBuildPhase;
			buildActionMask = 2147483647;
			files = (
			);
			runOnlyForDeploymentPostprocessing = 0;
		};
		7AD8E30E2C39ADF200607D21 /* Frameworks */ = {
			isa = PBXFrameworksBuildPhase;
			buildActionMask = 2147483647;
			files = (
			);
			runOnlyForDeploymentPostprocessing = 0;
		};
		7AD8E3182C39ADF200607D21 /* Frameworks */ = {
			isa = PBXFrameworksBuildPhase;
			buildActionMask = 2147483647;
			files = (
			);
			runOnlyForDeploymentPostprocessing = 0;
		};
/* End PBXFrameworksBuildPhase section */

/* Begin PBXGroup section */
		7AD8E2F82C39ADF000607D21 = {
			isa = PBXGroup;
			children = (
				7AD8E3032C39ADF000607D21 /* FlickrItem */,
				7AD8E3142C39ADF200607D21 /* FlickrItemTests */,
				7AD8E31E2C39ADF200607D21 /* FlickrItemUITests */,
				7AD8E3022C39ADF000607D21 /* Products */,
			);
			sourceTree = "<group>";
		};
		7AD8E3022C39ADF000607D21 /* Products */ = {
			isa = PBXGroup;
			children = (
				7AD8E3012C39ADF000607D21 /* FlickrItem.app */,
				7AD8E3112C39ADF200607D21 /* FlickrItemTests.xctest */,
				7AD8E31B2C39ADF200607D21 /* FlickrItemUITests.xctest */,
			);
			name = Products;
			sourceTree = "<group>";
		};
		7AD8E3032C39ADF000607D21 /* FlickrItem */ = {
			isa = PBXGroup;
			children = (
				7AD8E3042C39ADF000607D21 /* FlickrItemApp.swift */,
				7AD8E3322C39BF4100607D21 /* DownloadManager.swift */,
				7AD8E32E2C39AE0500607D21 /* FlickrItem.swift */,
				7AD8E3062C39ADF000607D21 /* ContentView.swift */,
				7AD8E3342C39EB4F00607D21 /* DetailView.swift */,
				7AD8E3082C39ADF200607D21 /* Assets.xcassets */,
				7AD8E30A2C39ADF200607D21 /* Preview Content */,
			);
			path = FlickrItem;
			sourceTree = "<group>";
		};
		7AD8E30A2C39ADF200607D21 /* Preview Content */ = {
			isa = PBXGroup;
			children = (
				7AD8E30B2C39ADF200607D21 /* Preview Assets.xcassets */,
			);
			path = "Preview Content";
			sourceTree = "<group>";
		};
		7AD8E3142C39ADF200607D21 /* FlickrItemTests */ = {
			isa = PBXGroup;
			children = (
				7AD8E3152C39ADF200607D21 /* FlickrItemTests.swift */,
			);
			path = FlickrItemTests;
			sourceTree = "<group>";
		};
		7AD8E31E2C39ADF200607D21 /* FlickrItemUITests */ = {
			isa = PBXGroup;
			children = (
				7AD8E31F2C39ADF200607D21 /* FlickrItemUITests.swift */,
				7AD8E3212C39ADF200607D21 /* FlickrItemUITestsLaunchTests.swift */,
			);
			path = FlickrItemUITests;
			sourceTree = "<group>";
		};
/* End PBXGroup section */

/* Begin PBXNativeTarget section */
		7AD8E3002C39ADF000607D21 /* FlickrItem */ = {
			isa = PBXNativeTarget;
			buildConfigurationList = 7AD8E3252C39ADF200607D21 /* Build configuration list for PBXNativeTarget "FlickrItem" */;
			buildPhases = (
				7AD8E2FD2C39ADF000607D21 /* Sources */,
				7AD8E2FE2C39ADF000607D21 /* Frameworks */,
				7AD8E2FF2C39ADF000607D21 /* Resources */,
			);
			buildRules = (
			);
			dependencies = (
			);
			name = FlickrItem;
			productName = FlickrItem;
			productReference = 7AD8E3012C39ADF000607D21 /* FlickrItem.app */;
			productType = "com.apple.product-type.application";
		};
		7AD8E3102C39ADF200607D21 /* FlickrItemTests */ = {
			isa = PBXNativeTarget;
			buildConfigurationList = 7AD8E3282C39ADF200607D21 /* Build configuration list for PBXNativeTarget "FlickrItemTests" */;
			buildPhases = (
				7AD8E30D2C39ADF200607D21 /* Sources */,
				7AD8E30E2C39ADF200607D21 /* Frameworks */,
				7AD8E30F2C39ADF200607D21 /* Resources */,
			);
			buildRules = (
			);
			dependencies = (
				7AD8E3132C39ADF200607D21 /* PBXTargetDependency */,
			);
			name = FlickrItemTests;
			productName = FlickrItemTests;
			productReference = 7AD8E3112C39ADF200607D21 /* FlickrItemTests.xctest */;
			productType = "com.apple.product-type.bundle.unit-test";
		};
		7AD8E31A2C39ADF200607D21 /* FlickrItemUITests */ = {
			isa = PBXNativeTarget;
			buildConfigurationList = 7AD8E32B2C39ADF200607D21 /* Build configuration list for PBXNativeTarget "FlickrItemUITests" */;
			buildPhases = (
				7AD8E3172C39ADF200607D21 /* Sources */,
				7AD8E3182C39ADF200607D21 /* Frameworks */,
				7AD8E3192C39ADF200607D21 /* Resources */,
			);
			buildRules = (
			);
			dependencies = (
				7AD8E31D2C39ADF200607D21 /* PBXTargetDependency */,
			);
			name = FlickrItemUITests;
			productName = FlickrItemUITests;
			productReference = 7AD8E31B2C39ADF200607D21 /* FlickrItemUITests.xctest */;
			productType = "com.apple.product-type.bundle.ui-testing";
		};
/* End PBXNativeTarget section */

/* Begin PBXProject section */
		7AD8E2F92C39ADF000607D21 /* Project object */ = {
			isa = PBXProject;
			attributes = {
				BuildIndependentTargetsInParallel = 1;
				LastSwiftUpdateCheck = 1540;
				LastUpgradeCheck = 1540;
				TargetAttributes = {
					7AD8E3002C39ADF000607D21 = {
						CreatedOnToolsVersion = 15.4;
					};
					7AD8E3102C39ADF200607D21 = {
						CreatedOnToolsVersion = 15.4;
						TestTargetID = 7AD8E3002C39ADF000607D21;
					};
					7AD8E31A2C39ADF200607D21 = {
						CreatedOnToolsVersion = 15.4;
						TestTargetID = 7AD8E3002C39ADF000607D21;
					};
				};
			};
			buildConfigurationList = 7AD8E2FC2C39ADF000607D21 /* Build configuration list for PBXProject "FlickrItem" */;
			compatibilityVersion = "Xcode 14.0";
			developmentRegion = en;
			hasScannedForEncodings = 0;
			knownRegions = (
				en,
				Base,
			);
			mainGroup = 7AD8E2F82C39ADF000607D21;
			productRefGroup = 7AD8E3022C39ADF000607D21 /* Products */;
			projectDirPath = "";
			projectRoot = "";
			targets = (
				7AD8E3002C39ADF000607D21 /* FlickrItem */,
				7AD8E3102C39ADF200607D21 /* FlickrItemTests */,
				7AD8E31A2C39ADF200607D21 /* FlickrItemUITests */,
			);
		};
/* End PBXProject section */

/* Begin PBXResourcesBuildPhase section */
		7AD8E2FF2C39ADF000607D21 /* Resources */ = {
			isa = PBXResourcesBuildPhase;
			buildActionMask = 2147483647;
			files = (
				7AD8E30C2C39ADF200607D21 /* Preview Assets.xcassets in Resources */,
				7AD8E3092C39ADF200607D21 /* Assets.xcassets in Resources */,
			);
			runOnlyForDeploymentPostprocessing = 0;
		};
		7AD8E30F2C39ADF200607D21 /* Resources */ = {
			isa = PBXResourcesBuildPhase;
			buildActionMask = 2147483647;
			files = (
			);
			runOnlyForDeploymentPostprocessing = 0;
		};
		7AD8E3192C39ADF200607D21 /* Resources */ = {
			isa = PBXResourcesBuildPhase;
			buildActionMask = 2147483647;
			files = (
			);
			runOnlyForDeploymentPostprocessing = 0;
		};
/* End PBXResourcesBuildPhase section */

/* Begin PBXSourcesBuildPhase section */
		7AD8E2FD2C39ADF000607D21 /* Sources */ = {
			isa = PBXSourcesBuildPhase;
			buildActionMask = 2147483647;
			files = (
				7AD8E3332C39BF4100607D21 /* DownloadManager.swift in Sources */,
				7AD8E3072C39ADF000607D21 /* ContentView.swift in Sources */,
				7AD8E3052C39ADF000607D21 /* FlickrItemApp.swift in Sources */,
				7AD8E3352C39EB4F00607D21 /* DetailView.swift in Sources */,
				7AD8E32F2C39AE0500607D21 /* FlickrItem.swift in Sources */,
			);
			runOnlyForDeploymentPostprocessing = 0;
		};
		7AD8E30D2C39ADF200607D21 /* Sources */ = {
			isa = PBXSourcesBuildPhase;
			buildActionMask = 2147483647;
			files = (
				7AD8E3162C39ADF200607D21 /* FlickrItemTests.swift in Sources */,
			);
			runOnlyForDeploymentPostprocessing = 0;
		};
		7AD8E3172C39ADF200607D21 /* Sources */ = {
			isa = PBXSourcesBuildPhase;
			buildActionMask = 2147483647;
			files = (
				7AD8E3222C39ADF200607D21 /* FlickrItemUITestsLaunchTests.swift in Sources */,
				7AD8E3202C39ADF200607D21 /* FlickrItemUITests.swift in Sources */,
			);
			runOnlyForDeploymentPostprocessing = 0;
		};
/* End PBXSourcesBuildPhase section */

/* Begin PBXTargetDependency section */
		7AD8E3132C39ADF200607D21 /* PBXTargetDependency */ = {
			isa = PBXTargetDependency;
			target = 7AD8E3002C39ADF000607D21 /* FlickrItem */;
			targetProxy = 7AD8E3122C39ADF200607D21 /* PBXContainerItemProxy */;
		};
		7AD8E31D2C39ADF200607D21 /* PBXTargetDependency */ = {
			isa = PBXTargetDependency;
			target = 7AD8E3002C39ADF000607D21 /* FlickrItem */;
			targetProxy = 7AD8E31C2C39ADF200607D21 /* PBXContainerItemProxy */;
		};
/* End PBXTargetDependency section */

/* Begin XCBuildConfiguration section */
		7AD8E3232C39ADF200607D21 /* Debug */ = {
			isa = XCBuildConfiguration;
			buildSettings = {
				ALWAYS_SEARCH_USER_PATHS = NO;
				ASSETCATALOG_COMPILER_GENERATE_SWIFT_ASSET_SYMBOL_EXTENSIONS = YES;
				CLANG_ANALYZER_NONNULL = YES;
				CLANG_ANALYZER_NUMBER_OBJECT_CONVERSION = YES_AGGRESSIVE;
				CLANG_CXX_LANGUAGE_STANDARD = "gnu++20";
				CLANG_ENABLE_MODULES = YES;
				CLANG_ENABLE_OBJC_ARC = YES;
				CLANG_ENABLE_OBJC_WEAK = YES;
				CLANG_WARN_BLOCK_CAPTURE_AUTORELEASING = YES;
				CLANG_WARN_BOOL_CONVERSION = YES;
				CLANG_WARN_COMMA = YES;
				CLANG_WARN_CONSTANT_CONVERSION = YES;
				CLANG_WARN_DEPRECATED_OBJC_IMPLEMENTATIONS = YES;
				CLANG_WARN_DIRECT_OBJC_ISA_USAGE = YES_ERROR;
				CLANG_WARN_DOCUMENTATION_COMMENTS = YES;
				CLANG_WARN_EMPTY_BODY = YES;
				CLANG_WARN_ENUM_CONVERSION = YES;
				CLANG_WARN_INFINITE_RECURSION = YES;
				CLANG_WARN_INT_CONVERSION = YES;
				CLANG_WARN_NON_LITERAL_NULL_CONVERSION = YES;
				CLANG_WARN_OBJC_IMPLICIT_RETAIN_SELF = YES;
				CLANG_WARN_OBJC_LITERAL_CONVERSION = YES;
				CLANG_WARN_OBJC_ROOT_CLASS = YES_ERROR;
				CLANG_WARN_QUOTED_INCLUDE_IN_FRAMEWORK_HEADER = YES;
				CLANG_WARN_RANGE_LOOP_ANALYSIS = YES;
				CLANG_WARN_STRICT_PROTOTYPES = YES;
				CLANG_WARN_SUSPICIOUS_MOVE = YES;
				CLANG_WARN_UNGUARDED_AVAILABILITY = YES_AGGRESSIVE;
				CLANG_WARN_UNREACHABLE_CODE = YES;
				CLANG_WARN__DUPLICATE_METHOD_MATCH = YES;
				COPY_PHASE_STRIP = NO;
				DEBUG_INFORMATION_FORMAT = dwarf;
				ENABLE_STRICT_OBJC_MSGSEND = YES;
				ENABLE_TESTABILITY = YES;
				ENABLE_USER_SCRIPT_SANDBOXING = YES;
				GCC_C_LANGUAGE_STANDARD = gnu17;
				GCC_DYNAMIC_NO_PIC = NO;
				GCC_NO_COMMON_BLOCKS = YES;
				GCC_OPTIMIZATION_LEVEL = 0;
				GCC_PREPROCESSOR_DEFINITIONS = (
					"DEBUG=1",
					"$(inherited)",
				);
				GCC_WARN_64_TO_32_BIT_CONVERSION = YES;
				GCC_WARN_ABOUT_RETURN_TYPE = YES_ERROR;
				GCC_WARN_UNDECLARED_SELECTOR = YES;
				GCC_WARN_UNINITIALIZED_AUTOS = YES_AGGRESSIVE;
				GCC_WARN_UNUSED_FUNCTION = YES;
				GCC_WARN_UNUSED_VARIABLE = YES;
				IPHONEOS_DEPLOYMENT_TARGET = 17.5;
				LOCALIZATION_PREFERS_STRING_CATALOGS = YES;
				MTL_ENABLE_DEBUG_INFO = INCLUDE_SOURCE;
				MTL_FAST_MATH = YES;
				ONLY_ACTIVE_ARCH = YES;
				SDKROOT = iphoneos;
				SWIFT_ACTIVE_COMPILATION_CONDITIONS = "DEBUG $(inherited)";
				SWIFT_OPTIMIZATION_LEVEL = "-Onone";
			};
			name = Debug;
		};
		7AD8E3242C39ADF200607D21 /* Release */ = {
			isa = XCBuildConfiguration;
			buildSettings = {
				ALWAYS_SEARCH_USER_PATHS = NO;
				ASSETCATALOG_COMPILER_GENERATE_SWIFT_ASSET_SYMBOL_EXTENSIONS = YES;
				CLANG_ANALYZER_NONNULL = YES;
				CLANG_ANALYZER_NUMBER_OBJECT_CONVERSION = YES_AGGRESSIVE;
				CLANG_CXX_LANGUAGE_STANDARD = "gnu++20";
				CLANG_ENABLE_MODULES = YES;
				CLANG_ENABLE_OBJC_ARC = YES;
				CLANG_ENABLE_OBJC_WEAK = YES;
				CLANG_WARN_BLOCK_CAPTURE_AUTORELEASING = YES;
				CLANG_WARN_BOOL_CONVERSION = YES;
				CLANG_WARN_COMMA = YES;
				CLANG_WARN_CONSTANT_CONVERSION = YES;
				CLANG_WARN_DEPRECATED_OBJC_IMPLEMENTATIONS = YES;
				CLANG_WARN_DIRECT_OBJC_ISA_USAGE = YES_ERROR;
				CLANG_WARN_DOCUMENTATION_COMMENTS = YES;
				CLANG_WARN_EMPTY_BODY = YES;
				CLANG_WARN_ENUM_CONVERSION = YES;
				CLANG_WARN_INFINITE_RECURSION = YES;
				CLANG_WARN_INT_CONVERSION = YES;
				CLANG_WARN_NON_LITERAL_NULL_CONVERSION = YES;
				CLANG_WARN_OBJC_IMPLICIT_RETAIN_SELF = YES;
				CLANG_WARN_OBJC_LITERAL_CONVERSION = YES;
				CLANG_WARN_OBJC_ROOT_CLASS = YES_ERROR;
				CLANG_WARN_QUOTED_INCLUDE_IN_FRAMEWORK_HEADER = YES;
				CLANG_WARN_RANGE_LOOP_ANALYSIS = YES;
				CLANG_WARN_STRICT_PROTOTYPES = YES;
				CLANG_WARN_SUSPICIOUS_MOVE = YES;
				CLANG_WARN_UNGUARDED_AVAILABILITY = YES_AGGRESSIVE;
				CLANG_WARN_UNREACHABLE_CODE = YES;
				CLANG_WARN__DUPLICATE_METHOD_MATCH = YES;
				COPY_PHASE_STRIP = NO;
				DEBUG_INFORMATION_FORMAT = "dwarf-with-dsym";
				ENABLE_NS_ASSERTIONS = NO;
				ENABLE_STRICT_OBJC_MSGSEND = YES;
				ENABLE_USER_SCRIPT_SANDBOXING = YES;
				GCC_C_LANGUAGE_STANDARD = gnu17;
				GCC_NO_COMMON_BLOCKS = YES;
				GCC_WARN_64_TO_32_BIT_CONVERSION = YES;
				GCC_WARN_ABOUT_RETURN_TYPE = YES_ERROR;
				GCC_WARN_UNDECLARED_SELECTOR = YES;
				GCC_WARN_UNINITIALIZED_AUTOS = YES_AGGRESSIVE;
				GCC_WARN_UNUSED_FUNCTION = YES;
				GCC_WARN_UNUSED_VARIABLE = YES;
				IPHONEOS_DEPLOYMENT_TARGET = 17.5;
				LOCALIZATION_PREFERS_STRING_CATALOGS = YES;
				MTL_ENABLE_DEBUG_INFO = NO;
				MTL_FAST_MATH = YES;
				SDKROOT = iphoneos;
				SWIFT_COMPILATION_MODE = wholemodule;
				VALIDATE_PRODUCT = YES;
			};
			name = Release;
		};
		7AD8E3262C39ADF200607D21 /* Debug */ = {
			isa = XCBuildConfiguration;
			buildSettings = {
				ASSETCATALOG_COMPILER_APPICON_NAME = AppIcon;
				ASSETCATALOG_COMPILER_GLOBAL_ACCENT_COLOR_NAME = AccentColor;
				CODE_SIGN_STYLE = Automatic;
				CURRENT_PROJECT_VERSION = 1;
				DEVELOPMENT_ASSET_PATHS = "\"FlickrItem/Preview Content\"";
				DEVELOPMENT_TEAM = J5T6Z5N38H;
				ENABLE_PREVIEWS = YES;
				GENERATE_INFOPLIST_FILE = YES;
				INFOPLIST_KEY_UIApplicationSceneManifest_Generation = YES;
				INFOPLIST_KEY_UIApplicationSupportsIndirectInputEvents = YES;
				INFOPLIST_KEY_UILaunchScreen_Generation = YES;
				INFOPLIST_KEY_UISupportedInterfaceOrientations = UIInterfaceOrientationPortrait;
				INFOPLIST_KEY_UISupportedInterfaceOrientations_iPad = "UIInterfaceOrientationLandscapeLeft UIInterfaceOrientationLandscapeRight UIInterfaceOrientationPortrait UIInterfaceOrientationPortraitUpsideDown";
				LD_RUNPATH_SEARCH_PATHS = (
					"$(inherited)",
					"@executable_path/Frameworks",
				);
				MARKETING_VERSION = 1.0;
				PRODUCT_BUNDLE_IDENTIFIER = PixleyConsulting.FlickrItem;
				PRODUCT_NAME = "$(TARGET_NAME)";
				SUPPORTED_PLATFORMS = "iphoneos iphonesimulator";
				SUPPORTS_MACCATALYST = NO;
				SUPPORTS_MAC_DESIGNED_FOR_IPHONE_IPAD = NO;
				SUPPORTS_XR_DESIGNED_FOR_IPHONE_IPAD = NO;
				SWIFT_EMIT_LOC_STRINGS = YES;
				SWIFT_VERSION = 5.0;
				TARGETED_DEVICE_FAMILY = 1;
			};
			name = Debug;
		};
		7AD8E3272C39ADF200607D21 /* Release */ = {
			isa = XCBuildConfiguration;
			buildSettings = {
				ASSETCATALOG_COMPILER_APPICON_NAME = AppIcon;
				ASSETCATALOG_COMPILER_GLOBAL_ACCENT_COLOR_NAME = AccentColor;
				CODE_SIGN_STYLE = Automatic;
				CURRENT_PROJECT_VERSION = 1;
				DEVELOPMENT_ASSET_PATHS = "\"FlickrItem/Preview Content\"";
				DEVELOPMENT_TEAM = J5T6Z5N38H;
				ENABLE_PREVIEWS = YES;
				GENERATE_INFOPLIST_FILE = YES;
				INFOPLIST_KEY_UIApplicationSceneManifest_Generation = YES;
				INFOPLIST_KEY_UIApplicationSupportsIndirectInputEvents = YES;
				INFOPLIST_KEY_UILaunchScreen_Generation = YES;
				INFOPLIST_KEY_UISupportedInterfaceOrientations = UIInterfaceOrientationPortrait;
				INFOPLIST_KEY_UISupportedInterfaceOrientations_iPad = "UIInterfaceOrientationLandscapeLeft UIInterfaceOrientationLandscapeRight UIInterfaceOrientationPortrait UIInterfaceOrientationPortraitUpsideDown";
				LD_RUNPATH_SEARCH_PATHS = (
					"$(inherited)",
					"@executable_path/Frameworks",
				);
				MARKETING_VERSION = 1.0;
				PRODUCT_BUNDLE_IDENTIFIER = PixleyConsulting.FlickrItem;
				PRODUCT_NAME = "$(TARGET_NAME)";
				SUPPORTED_PLATFORMS = "iphoneos iphonesimulator";
				SUPPORTS_MACCATALYST = NO;
				SUPPORTS_MAC_DESIGNED_FOR_IPHONE_IPAD = NO;
				SUPPORTS_XR_DESIGNED_FOR_IPHONE_IPAD = NO;
				SWIFT_EMIT_LOC_STRINGS = YES;
				SWIFT_VERSION = 5.0;
				TARGETED_DEVICE_FAMILY = 1;
			};
			name = Release;
		};
		7AD8E3292C39ADF200607D21 /* Debug */ = {
			isa = XCBuildConfiguration;
			buildSettings = {
				ALWAYS_EMBED_SWIFT_STANDARD_LIBRARIES = YES;
				BUNDLE_LOADER = "$(TEST_HOST)";
				CODE_SIGN_STYLE = Automatic;
				CURRENT_PROJECT_VERSION = 1;
				DEVELOPMENT_TEAM = J5T6Z5N38H;
				GENERATE_INFOPLIST_FILE = YES;
				IPHONEOS_DEPLOYMENT_TARGET = 17.5;
				MARKETING_VERSION = 1.0;
				PRODUCT_BUNDLE_IDENTIFIER = PixleyConsulting.FlickrItemTests;
				PRODUCT_NAME = "$(TARGET_NAME)";
				SWIFT_EMIT_LOC_STRINGS = NO;
				SWIFT_VERSION = 5.0;
				TARGETED_DEVICE_FAMILY = "1,2";
				TEST_HOST = "$(BUILT_PRODUCTS_DIR)/FlickrItem.app/$(BUNDLE_EXECUTABLE_FOLDER_PATH)/FlickrItem";
			};
			name = Debug;
		};
		7AD8E32A2C39ADF200607D21 /* Release */ = {
			isa = XCBuildConfiguration;
			buildSettings = {
				ALWAYS_EMBED_SWIFT_STANDARD_LIBRARIES = YES;
				BUNDLE_LOADER = "$(TEST_HOST)";
				CODE_SIGN_STYLE = Automatic;
				CURRENT_PROJECT_VERSION = 1;
				DEVELOPMENT_TEAM = J5T6Z5N38H;
				GENERATE_INFOPLIST_FILE = YES;
				IPHONEOS_DEPLOYMENT_TARGET = 17.5;
				MARKETING_VERSION = 1.0;
				PRODUCT_BUNDLE_IDENTIFIER = PixleyConsulting.FlickrItemTests;
				PRODUCT_NAME = "$(TARGET_NAME)";
				SWIFT_EMIT_LOC_STRINGS = NO;
				SWIFT_VERSION = 5.0;
				TARGETED_DEVICE_FAMILY = "1,2";
				TEST_HOST = "$(BUILT_PRODUCTS_DIR)/FlickrItem.app/$(BUNDLE_EXECUTABLE_FOLDER_PATH)/FlickrItem";
			};
			name = Release;
		};
		7AD8E32C2C39ADF200607D21 /* Debug */ = {
			isa = XCBuildConfiguration;
			buildSettings = {
				ALWAYS_EMBED_SWIFT_STANDARD_LIBRARIES = YES;
				CODE_SIGN_STYLE = Automatic;
				CURRENT_PROJECT_VERSION = 1;
				DEVELOPMENT_TEAM = J5T6Z5N38H;
				GENERATE_INFOPLIST_FILE = YES;
				MARKETING_VERSION = 1.0;
				PRODUCT_BUNDLE_IDENTIFIER = PixleyConsulting.FlickrItemUITests;
				PRODUCT_NAME = "$(TARGET_NAME)";
				SWIFT_EMIT_LOC_STRINGS = NO;
				SWIFT_VERSION = 5.0;
				TARGETED_DEVICE_FAMILY = "1,2";
				TEST_TARGET_NAME = FlickrItem;
			};
			name = Debug;
		};
		7AD8E32D2C39ADF200607D21 /* Release */ = {
			isa = XCBuildConfiguration;
			buildSettings = {
				ALWAYS_EMBED_SWIFT_STANDARD_LIBRARIES = YES;
				CODE_SIGN_STYLE = Automatic;
				CURRENT_PROJECT_VERSION = 1;
				DEVELOPMENT_TEAM = J5T6Z5N38H;
				GENERATE_INFOPLIST_FILE = YES;
				MARKETING_VERSION = 1.0;
				PRODUCT_BUNDLE_IDENTIFIER = PixleyConsulting.FlickrItemUITests;
				PRODUCT_NAME = "$(TARGET_NAME)";
				SWIFT_EMIT_LOC_STRINGS = NO;
				SWIFT_VERSION = 5.0;
				TARGETED_DEVICE_FAMILY = "1,2";
				TEST_TARGET_NAME = FlickrItem;
			};
			name = Release;
		};
/* End XCBuildConfiguration section */

/* Begin XCConfigurationList section */
		7AD8E2FC2C39ADF000607D21 /* Build configuration list for PBXProject "FlickrItem" */ = {
			isa = XCConfigurationList;
			buildConfigurations = (
				7AD8E3232C39ADF200607D21 /* Debug */,
				7AD8E3242C39ADF200607D21 /* Release */,
			);
			defaultConfigurationIsVisible = 0;
			defaultConfigurationName = Release;
		};
		7AD8E3252C39ADF200607D21 /* Build configuration list for PBXNativeTarget "FlickrItem" */ = {
			isa = XCConfigurationList;
			buildConfigurations = (
				7AD8E3262C39ADF200607D21 /* Debug */,
				7AD8E3272C39ADF200607D21 /* Release */,
			);
			defaultConfigurationIsVisible = 0;
			defaultConfigurationName = Release;
		};
		7AD8E3282C39ADF200607D21 /* Build configuration list for PBXNativeTarget "FlickrItemTests" */ = {
			isa = XCConfigurationList;
			buildConfigurations = (
				7AD8E3292C39ADF200607D21 /* Debug */,
				7AD8E32A2C39ADF200607D21 /* Release */,
			);
			defaultConfigurationIsVisible = 0;
			defaultConfigurationName = Release;
		};
		7AD8E32B2C39ADF200607D21 /* Build configuration list for PBXNativeTarget "FlickrItemUITests" */ = {
			isa = XCConfigurationList;
			buildConfigurations = (
				7AD8E32C2C39ADF200607D21 /* Debug */,
				7AD8E32D2C39ADF200607D21 /* Release */,
			);
			defaultConfigurationIsVisible = 0;
			defaultConfigurationName = Release;
		};
/* End XCConfigurationList section */
	};
	rootObject = 7AD8E2F92C39ADF000607D21 /* Project object */;
}
